// !$*UTF8*$!
{
	archiveVersion = 1;
	classes = {
	};
	objectVersion = 46;
	objects = {

/* Begin PBXBuildFile section */
		E774B6851B3004740089BF79 /* Images.xcassets in Resources */ = {isa = PBXBuildFile; fileRef = E774B6841B3004740089BF79 /* Images.xcassets */; };
		E7803C7D1B2ECCFB00DD3E3D /* SMapViewController.m in Sources */ = {isa = PBXBuildFile; fileRef = E7803C7C1B2ECCFB00DD3E3D /* SMapViewController.m */; };
		E7803C801B2ECD1E00DD3E3D /* SPhotoViewController.m in Sources */ = {isa = PBXBuildFile; fileRef = E7803C7F1B2ECD1E00DD3E3D /* SPhotoViewController.m */; };
		E7CB1DD81B27CC7A004BDB16 /* main.m in Sources */ = {isa = PBXBuildFile; fileRef = E7CB1DD71B27CC7A004BDB16 /* main.m */; };
		E7CB1DDB1B27CC7A004BDB16 /* AppDelegate.m in Sources */ = {isa = PBXBuildFile; fileRef = E7CB1DDA1B27CC7A004BDB16 /* AppDelegate.m */; };
		E7CB1DE11B27CC7A004BDB16 /* Main.storyboard in Resources */ = {isa = PBXBuildFile; fileRef = E7CB1DDF1B27CC7A004BDB16 /* Main.storyboard */; };
		E7CB1DE61B27CC7A004BDB16 /* LaunchScreen.xib in Resources */ = {isa = PBXBuildFile; fileRef = E7CB1DE41B27CC7A004BDB16 /* LaunchScreen.xib */; };
		E7CB1DF21B27CC7A004BDB16 /* trainingTests.m in Sources */ = {isa = PBXBuildFile; fileRef = E7CB1DF11B27CC7A004BDB16 /* trainingTests.m */; };
		E7CB1E001B27CDA5004BDB16 /* libsqlite3.0.dylib in Frameworks */ = {isa = PBXBuildFile; fileRef = E7CB1DFF1B27CDA5004BDB16 /* libsqlite3.0.dylib */; };
		E7CB1E031B27E0FF004BDB16 /* SLoginViewController.m in Sources */ = {isa = PBXBuildFile; fileRef = E7CB1E021B27E0FF004BDB16 /* SLoginViewController.m */; };
		E7CB1E0B1B27EAA9004BDB16 /* libiMessageUtility.a in Frameworks */ = {isa = PBXBuildFile; fileRef = E7CB1E0A1B27EAA9004BDB16 /* libiMessageUtility.a */; };
		E7CB1E111B280171004BDB16 /* SMessageViewController.m in Sources */ = {isa = PBXBuildFile; fileRef = E7CB1E101B280171004BDB16 /* SMessageViewController.m */; };
		E7D1E9E81B38FE9B0075BBED /* MLEmojiLabel.m in Sources */ = {isa = PBXBuildFile; fileRef = E7D1E9E51B38FE9B0075BBED /* MLEmojiLabel.m */; };
		E7D1E9E91B38FE9B0075BBED /* TTTAttributedLabel.m in Sources */ = {isa = PBXBuildFile; fileRef = E7D1E9E71B38FE9B0075BBED /* TTTAttributedLabel.m */; };
		E7FFB8E11B2E641600B7CE07 /* MapKit.framework in Frameworks */ = {isa = PBXBuildFile; fileRef = E7FFB8E01B2E641600B7CE07 /* MapKit.framework */; };
		E7FFB8E31B2E642200B7CE07 /* CoreLocation.framework in Frameworks */ = {isa = PBXBuildFile; fileRef = E7FFB8E21B2E642200B7CE07 /* CoreLocation.framework */; };
		E7FFB8F81B2E999500B7CE07 /* SCustomView.m in Sources */ = {isa = PBXBuildFile; fileRef = E7FFB8F71B2E999500B7CE07 /* SCustomView.m */; };
		E7FFB8FA1B2E99BB00B7CE07 /* SCustomView.xib in Resources */ = {isa = PBXBuildFile; fileRef = E7FFB8F91B2E99BB00B7CE07 /* SCustomView.xib */; };
/* End PBXBuildFile section */

/* Begin PBXContainerItemProxy section */
		E7CB1DEC1B27CC7A004BDB16 /* PBXContainerItemProxy */ = {
			isa = PBXContainerItemProxy;
			containerPortal = E7CB1DCA1B27CC7A004BDB16 /* Project object */;
			proxyType = 1;
			remoteGlobalIDString = E7CB1DD11B27CC7A004BDB16;
			remoteInfo = training;
		};
/* End PBXContainerItemProxy section */

/* Begin PBXFileReference section */
		E774B6841B3004740089BF79 /* Images.xcassets */ = {isa = PBXFileReference; lastKnownFileType = folder.assetcatalog; path = Images.xcassets; sourceTree = "<group>"; };
		E7803C7B1B2ECCFB00DD3E3D /* SMapViewController.h */ = {isa = PBXFileReference; fileEncoding = 4; lastKnownFileType = sourcecode.c.h; path = SMapViewController.h; sourceTree = "<group>"; };
		E7803C7C1B2ECCFB00DD3E3D /* SMapViewController.m */ = {isa = PBXFileReference; fileEncoding = 4; lastKnownFileType = sourcecode.c.objc; path = SMapViewController.m; sourceTree = "<group>"; };
		E7803C7E1B2ECD1E00DD3E3D /* SPhotoViewController.h */ = {isa = PBXFileReference; fileEncoding = 4; lastKnownFileType = sourcecode.c.h; path = SPhotoViewController.h; sourceTree = "<group>"; };
		E7803C7F1B2ECD1E00DD3E3D /* SPhotoViewController.m */ = {isa = PBXFileReference; fileEncoding = 4; lastKnownFileType = sourcecode.c.objc; path = SPhotoViewController.m; sourceTree = "<group>"; };
		E7CB1DD21B27CC7A004BDB16 /* training.app */ = {isa = PBXFileReference; explicitFileType = wrapper.application; includeInIndex = 0; path = training.app; sourceTree = BUILT_PRODUCTS_DIR; };
		E7CB1DD61B27CC7A004BDB16 /* Info.plist */ = {isa = PBXFileReference; lastKnownFileType = text.plist.xml; path = Info.plist; sourceTree = "<group>"; };
		E7CB1DD71B27CC7A004BDB16 /* main.m */ = {isa = PBXFileReference; lastKnownFileType = sourcecode.c.objc; path = main.m; sourceTree = "<group>"; };
		E7CB1DD91B27CC7A004BDB16 /* AppDelegate.h */ = {isa = PBXFileReference; lastKnownFileType = sourcecode.c.h; path = AppDelegate.h; sourceTree = "<group>"; };
		E7CB1DDA1B27CC7A004BDB16 /* AppDelegate.m */ = {isa = PBXFileReference; lastKnownFileType = sourcecode.c.objc; path = AppDelegate.m; sourceTree = "<group>"; };
		E7CB1DE01B27CC7A004BDB16 /* Base */ = {isa = PBXFileReference; lastKnownFileType = file.storyboard; name = Base; path = Base.lproj/Main.storyboard; sourceTree = "<group>"; };
		E7CB1DE51B27CC7A004BDB16 /* Base */ = {isa = PBXFileReference; lastKnownFileType = file.xib; name = Base; path = Base.lproj/LaunchScreen.xib; sourceTree = "<group>"; };
		E7CB1DEB1B27CC7A004BDB16 /* trainingTests.xctest */ = {isa = PBXFileReference; explicitFileType = wrapper.cfbundle; includeInIndex = 0; path = trainingTests.xctest; sourceTree = BUILT_PRODUCTS_DIR; };
		E7CB1DF01B27CC7A004BDB16 /* Info.plist */ = {isa = PBXFileReference; lastKnownFileType = text.plist.xml; path = Info.plist; sourceTree = "<group>"; };
		E7CB1DF11B27CC7A004BDB16 /* trainingTests.m */ = {isa = PBXFileReference; lastKnownFileType = sourcecode.c.objc; path = trainingTests.m; sourceTree = "<group>"; };
		E7CB1DFF1B27CDA5004BDB16 /* libsqlite3.0.dylib */ = {isa = PBXFileReference; lastKnownFileType = "compiled.mach-o.dylib"; name = libsqlite3.0.dylib; path = usr/lib/libsqlite3.0.dylib; sourceTree = SDKROOT; };
		E7CB1E011B27E0FF004BDB16 /* SLoginViewController.h */ = {isa = PBXFileReference; fileEncoding = 4; lastKnownFileType = sourcecode.c.h; path = SLoginViewController.h; sourceTree = "<group>"; };
		E7CB1E021B27E0FF004BDB16 /* SLoginViewController.m */ = {isa = PBXFileReference; fileEncoding = 4; lastKnownFileType = sourcecode.c.objc; path = SLoginViewController.m; sourceTree = "<group>"; };
		E7CB1E041B27E283004BDB16 /* SDefine.h */ = {isa = PBXFileReference; lastKnownFileType = sourcecode.c.h; path = SDefine.h; sourceTree = "<group>"; };
		E7CB1E0A1B27EAA9004BDB16 /* libiMessageUtility.a */ = {isa = PBXFileReference; lastKnownFileType = archive.ar; name = libiMessageUtility.a; path = "StringLibrary/Debug-iphonesimulator/libiMessageUtility.a"; sourceTree = "<group>"; };
		E7CB1E0F1B280171004BDB16 /* SMessageViewController.h */ = {isa = PBXFileReference; fileEncoding = 4; lastKnownFileType = sourcecode.c.h; path = SMessageViewController.h; sourceTree = "<group>"; };
		E7CB1E101B280171004BDB16 /* SMessageViewController.m */ = {isa = PBXFileReference; fileEncoding = 4; lastKnownFileType = sourcecode.c.objc; path = SMessageViewController.m; sourceTree = "<group>"; };
		E7D1E9E41B38FE9B0075BBED /* MLEmojiLabel.h */ = {isa = PBXFileReference; fileEncoding = 4; lastKnownFileType = sourcecode.c.h; path = MLEmojiLabel.h; sourceTree = "<group>"; };
		E7D1E9E51B38FE9B0075BBED /* MLEmojiLabel.m */ = {isa = PBXFileReference; fileEncoding = 4; lastKnownFileType = sourcecode.c.objc; path = MLEmojiLabel.m; sourceTree = "<group>"; };
		E7D1E9E61B38FE9B0075BBED /* TTTAttributedLabel.h */ = {isa = PBXFileReference; fileEncoding = 4; lastKnownFileType = sourcecode.c.h; path = TTTAttributedLabel.h; sourceTree = "<group>"; };
		E7D1E9E71B38FE9B0075BBED /* TTTAttributedLabel.m */ = {isa = PBXFileReference; fileEncoding = 4; lastKnownFileType = sourcecode.c.objc; path = TTTAttributedLabel.m; sourceTree = "<group>"; };
		E7FFB8E01B2E641600B7CE07 /* MapKit.framework */ = {isa = PBXFileReference; lastKnownFileType = wrapper.framework; name = MapKit.framework; path = System/Library/Frameworks/MapKit.framework; sourceTree = SDKROOT; };
		E7FFB8E21B2E642200B7CE07 /* CoreLocation.framework */ = {isa = PBXFileReference; lastKnownFileType = wrapper.framework; name = CoreLocation.framework; path = System/Library/Frameworks/CoreLocation.framework; sourceTree = SDKROOT; };
		E7FFB8F61B2E999500B7CE07 /* SCustomView.h */ = {isa = PBXFileReference; fileEncoding = 4; lastKnownFileType = sourcecode.c.h; path = SCustomView.h; sourceTree = "<group>"; };
		E7FFB8F71B2E999500B7CE07 /* SCustomView.m */ = {isa = PBXFileReference; fileEncoding = 4; lastKnownFileType = sourcecode.c.objc; path = SCustomView.m; sourceTree = "<group>"; };
		E7FFB8F91B2E99BB00B7CE07 /* SCustomView.xib */ = {isa = PBXFileReference; fileEncoding = 4; lastKnownFileType = file.xib; path = SCustomView.xib; sourceTree = "<group>"; };
/* End PBXFileReference section */

/* Begin PBXFrameworksBuildPhase section */
		E7CB1DCF1B27CC7A004BDB16 /* Frameworks */ = {
			isa = PBXFrameworksBuildPhase;
			buildActionMask = 2147483647;
			files = (
				E7FFB8E31B2E642200B7CE07 /* CoreLocation.framework in Frameworks */,
				E7FFB8E11B2E641600B7CE07 /* MapKit.framework in Frameworks */,
				E7CB1E0B1B27EAA9004BDB16 /* libiMessageUtility.a in Frameworks */,
				E7CB1E001B27CDA5004BDB16 /* libsqlite3.0.dylib in Frameworks */,
			);
			runOnlyForDeploymentPostprocessing = 0;
		};
		E7CB1DE81B27CC7A004BDB16 /* Frameworks */ = {
			isa = PBXFrameworksBuildPhase;
			buildActionMask = 2147483647;
			files = (
			);
			runOnlyForDeploymentPostprocessing = 0;
		};
/* End PBXFrameworksBuildPhase section */

/* Begin PBXGroup section */
		E7CB1DC91B27CC7A004BDB16 = {
			isa = PBXGroup;
			children = (
				E7FFB8E21B2E642200B7CE07 /* CoreLocation.framework */,
				E7FFB8E01B2E641600B7CE07 /* MapKit.framework */,
				E7CB1E0A1B27EAA9004BDB16 /* libiMessageUtility.a */,
				E7CB1DFF1B27CDA5004BDB16 /* libsqlite3.0.dylib */,
				E7CB1DD41B27CC7A004BDB16 /* training */,
				E7CB1DEE1B27CC7A004BDB16 /* trainingTests */,
				E7CB1DD31B27CC7A004BDB16 /* Products */,
			);
			sourceTree = "<group>";
		};
		E7CB1DD31B27CC7A004BDB16 /* Products */ = {
			isa = PBXGroup;
			children = (
				E7CB1DD21B27CC7A004BDB16 /* training.app */,
				E7CB1DEB1B27CC7A004BDB16 /* trainingTests.xctest */,
			);
			name = Products;
			sourceTree = "<group>";
		};
		E7CB1DD41B27CC7A004BDB16 /* training */ = {
			isa = PBXGroup;
			children = (
				E7D1E9E31B38FE7A0075BBED /* framework */,
				E7CB1DD91B27CC7A004BDB16 /* AppDelegate.h */,
				E7CB1DDA1B27CC7A004BDB16 /* AppDelegate.m */,
				E7CB1DDF1B27CC7A004BDB16 /* Main.storyboard */,
				E7CB1E011B27E0FF004BDB16 /* SLoginViewController.h */,
				E7CB1E021B27E0FF004BDB16 /* SLoginViewController.m */,
				E7CB1E0F1B280171004BDB16 /* SMessageViewController.h */,
				E7CB1E101B280171004BDB16 /* SMessageViewController.m */,
				E7803C7B1B2ECCFB00DD3E3D /* SMapViewController.h */,
				E7803C7C1B2ECCFB00DD3E3D /* SMapViewController.m */,
				E7803C7E1B2ECD1E00DD3E3D /* SPhotoViewController.h */,
				E7803C7F1B2ECD1E00DD3E3D /* SPhotoViewController.m */,
				E7CB1E041B27E283004BDB16 /* SDefine.h */,
				E7FFB8F61B2E999500B7CE07 /* SCustomView.h */,
				E7FFB8F71B2E999500B7CE07 /* SCustomView.m */,
				E7FFB8F91B2E99BB00B7CE07 /* SCustomView.xib */,
				E7CB1DE41B27CC7A004BDB16 /* LaunchScreen.xib */,
				E774B6841B3004740089BF79 /* Images.xcassets */,
				E7CB1DD51B27CC7A004BDB16 /* Supporting Files */,
			);
			path = training;
			sourceTree = "<group>";
		};
		E7CB1DD51B27CC7A004BDB16 /* Supporting Files */ = {
			isa = PBXGroup;
			children = (
				E7CB1DD61B27CC7A004BDB16 /* Info.plist */,
				E7CB1DD71B27CC7A004BDB16 /* main.m */,
			);
			name = "Supporting Files";
			sourceTree = "<group>";
		};
		E7CB1DEE1B27CC7A004BDB16 /* trainingTests */ = {
			isa = PBXGroup;
			children = (
				E7CB1DF11B27CC7A004BDB16 /* trainingTests.m */,
				E7CB1DEF1B27CC7A004BDB16 /* Supporting Files */,
			);
			path = trainingTests;
			sourceTree = "<group>";
		};
		E7CB1DEF1B27CC7A004BDB16 /* Supporting Files */ = {
			isa = PBXGroup;
			children = (
				E7CB1DF01B27CC7A004BDB16 /* Info.plist */,
			);
			name = "Supporting Files";
			sourceTree = "<group>";
		};
		E7D1E9E31B38FE7A0075BBED /* framework */ = {
			isa = PBXGroup;
			children = (
				E7D1E9E41B38FE9B0075BBED /* MLEmojiLabel.h */,
				E7D1E9E51B38FE9B0075BBED /* MLEmojiLabel.m */,
				E7D1E9E61B38FE9B0075BBED /* TTTAttributedLabel.h */,
				E7D1E9E71B38FE9B0075BBED /* TTTAttributedLabel.m */,
			);
			name = framework;
			sourceTree = "<group>";
		};
/* End PBXGroup section */

/* Begin PBXNativeTarget section */
		E7CB1DD11B27CC7A004BDB16 /* training */ = {
			isa = PBXNativeTarget;
			buildConfigurationList = E7CB1DF51B27CC7A004BDB16 /* Build configuration list for PBXNativeTarget "training" */;
			buildPhases = (
				E7CB1DCE1B27CC7A004BDB16 /* Sources */,
				E7CB1DCF1B27CC7A004BDB16 /* Frameworks */,
				E7CB1DD01B27CC7A004BDB16 /* Resources */,
			);
			buildRules = (
			);
			dependencies = (
			);
			name = training;
			productName = training;
			productReference = E7CB1DD21B27CC7A004BDB16 /* training.app */;
			productType = "com.apple.product-type.application";
		};
		E7CB1DEA1B27CC7A004BDB16 /* trainingTests */ = {
			isa = PBXNativeTarget;
			buildConfigurationList = E7CB1DF81B27CC7A004BDB16 /* Build configuration list for PBXNativeTarget "trainingTests" */;
			buildPhases = (
				E7CB1DE71B27CC7A004BDB16 /* Sources */,
				E7CB1DE81B27CC7A004BDB16 /* Frameworks */,
				E7CB1DE91B27CC7A004BDB16 /* Resources */,
			);
			buildRules = (
			);
			dependencies = (
				E7CB1DED1B27CC7A004BDB16 /* PBXTargetDependency */,
			);
			name = trainingTests;
			productName = trainingTests;
			productReference = E7CB1DEB1B27CC7A004BDB16 /* trainingTests.xctest */;
			productType = "com.apple.product-type.bundle.unit-test";
		};
/* End PBXNativeTarget section */

/* Begin PBXProject section */
		E7CB1DCA1B27CC7A004BDB16 /* Project object */ = {
			isa = PBXProject;
			attributes = {
				LastUpgradeCheck = 0630;
				ORGANIZATIONNAME = andychan;
				TargetAttributes = {
					E7CB1DD11B27CC7A004BDB16 = {
						CreatedOnToolsVersion = 6.3.2;
					};
					E7CB1DEA1B27CC7A004BDB16 = {
						CreatedOnToolsVersion = 6.3.2;
						TestTargetID = E7CB1DD11B27CC7A004BDB16;
					};
				};
			};
			buildConfigurationList = E7CB1DCD1B27CC7A004BDB16 /* Build configuration list for PBXProject "training" */;
			compatibilityVersion = "Xcode 3.2";
			developmentRegion = English;
			hasScannedForEncodings = 0;
			knownRegions = (
				en,
				Base,
			);
			mainGroup = E7CB1DC91B27CC7A004BDB16;
			productRefGroup = E7CB1DD31B27CC7A004BDB16 /* Products */;
			projectDirPath = "";
			projectRoot = "";
			targets = (
				E7CB1DD11B27CC7A004BDB16 /* training */,
				E7CB1DEA1B27CC7A004BDB16 /* trainingTests */,
			);
		};
/* End PBXProject section */

/* Begin PBXResourcesBuildPhase section */
		E7CB1DD01B27CC7A004BDB16 /* Resources */ = {
			isa = PBXResourcesBuildPhase;
			buildActionMask = 2147483647;
			files = (
				E7CB1DE11B27CC7A004BDB16 /* Main.storyboard in Resources */,
				E774B6851B3004740089BF79 /* Images.xcassets in Resources */,
				E7FFB8FA1B2E99BB00B7CE07 /* SCustomView.xib in Resources */,
				E7CB1DE61B27CC7A004BDB16 /* LaunchScreen.xib in Resources */,
			);
			runOnlyForDeploymentPostprocessing = 0;
		};
		E7CB1DE91B27CC7A004BDB16 /* Resources */ = {
			isa = PBXResourcesBuildPhase;
			buildActionMask = 2147483647;
			files = (
			);
			runOnlyForDeploymentPostprocessing = 0;
		};
/* End PBXResourcesBuildPhase section */

/* Begin PBXSourcesBuildPhase section */
		E7CB1DCE1B27CC7A004BDB16 /* Sources */ = {
			isa = PBXSourcesBuildPhase;
			buildActionMask = 2147483647;
			files = (
				E7CB1DDB1B27CC7A004BDB16 /* AppDelegate.m in Sources */,
				E7803C801B2ECD1E00DD3E3D /* SPhotoViewController.m in Sources */,
				E7CB1E031B27E0FF004BDB16 /* SLoginViewController.m in Sources */,
				E7CB1E111B280171004BDB16 /* SMessageViewController.m in Sources */,
				E7FFB8F81B2E999500B7CE07 /* SCustomView.m in Sources */,
				E7CB1DD81B27CC7A004BDB16 /* main.m in Sources */,
				E7D1E9E81B38FE9B0075BBED /* MLEmojiLabel.m in Sources */,
				E7803C7D1B2ECCFB00DD3E3D /* SMapViewController.m in Sources */,
				E7D1E9E91B38FE9B0075BBED /* TTTAttributedLabel.m in Sources */,
			);
			runOnlyForDeploymentPostprocessing = 0;
		};
		E7CB1DE71B27CC7A004BDB16 /* Sources */ = {
			isa = PBXSourcesBuildPhase;
			buildActionMask = 2147483647;
			files = (
				E7CB1DF21B27CC7A004BDB16 /* trainingTests.m in Sources */,
			);
			runOnlyForDeploymentPostprocessing = 0;
		};
/* End PBXSourcesBuildPhase section */

/* Begin PBXTargetDependency section */
		E7CB1DED1B27CC7A004BDB16 /* PBXTargetDependency */ = {
			isa = PBXTargetDependency;
			target = E7CB1DD11B27CC7A004BDB16 /* training */;
			targetProxy = E7CB1DEC1B27CC7A004BDB16 /* PBXContainerItemProxy */;
		};
/* End PBXTargetDependency section */

/* Begin PBXVariantGroup section */
		E7CB1DDF1B27CC7A004BDB16 /* Main.storyboard */ = {
			isa = PBXVariantGroup;
			children = (
				E7CB1DE01B27CC7A004BDB16 /* Base */,
			);
			name = Main.storyboard;
			sourceTree = "<group>";
		};
		E7CB1DE41B27CC7A004BDB16 /* LaunchScreen.xib */ = {
			isa = PBXVariantGroup;
			children = (
				E7CB1DE51B27CC7A004BDB16 /* Base */,
			);
			name = LaunchScreen.xib;
			sourceTree = "<group>";
		};
/* End PBXVariantGroup section */

/* Begin XCBuildConfiguration section */
		E7CB1DF31B27CC7A004BDB16 /* Debug */ = {
			isa = XCBuildConfiguration;
			buildSettings = {
				ALWAYS_SEARCH_USER_PATHS = NO;
				CLANG_CXX_LANGUAGE_STANDARD = "gnu++0x";
				CLANG_CXX_LIBRARY = "libc++";
				CLANG_ENABLE_MODULES = YES;
				CLANG_ENABLE_OBJC_ARC = YES;
				CLANG_WARN_BOOL_CONVERSION = YES;
				CLANG_WARN_CONSTANT_CONVERSION = YES;
				CLANG_WARN_DIRECT_OBJC_ISA_USAGE = YES_ERROR;
				CLANG_WARN_EMPTY_BODY = YES;
				CLANG_WARN_ENUM_CONVERSION = YES;
				CLANG_WARN_INT_CONVERSION = YES;
				CLANG_WARN_OBJC_ROOT_CLASS = YES_ERROR;
				CLANG_WARN_UNREACHABLE_CODE = YES;
				CLANG_WARN__DUPLICATE_METHOD_MATCH = YES;
				"CODE_SIGN_IDENTITY[sdk=iphoneos*]" = "iPhone Developer";
				COPY_PHASE_STRIP = NO;
				DEBUG_INFORMATION_FORMAT = "dwarf-with-dsym";
				ENABLE_STRICT_OBJC_MSGSEND = YES;
				GCC_C_LANGUAGE_STANDARD = gnu99;
				GCC_DYNAMIC_NO_PIC = NO;
				GCC_NO_COMMON_BLOCKS = YES;
				GCC_OPTIMIZATION_LEVEL = 0;
				GCC_PREPROCESSOR_DEFINITIONS = (
					"DEBUG=1",
					"$(inherited)",
				);
				GCC_SYMBOLS_PRIVATE_EXTERN = NO;
				GCC_WARN_64_TO_32_BIT_CONVERSION = YES;
				GCC_WARN_ABOUT_RETURN_TYPE = YES_ERROR;
				GCC_WARN_UNDECLARED_SELECTOR = YES;
				GCC_WARN_UNINITIALIZED_AUTOS = YES_AGGRESSIVE;
				GCC_WARN_UNUSED_FUNCTION = YES;
				GCC_WARN_UNUSED_VARIABLE = YES;
				IPHONEOS_DEPLOYMENT_TARGET = 8.3;
				MTL_ENABLE_DEBUG_INFO = YES;
				ONLY_ACTIVE_ARCH = YES;
				OTHER_LDFLAGS = "";
				SDKROOT = iphoneos;
			};
			name = Debug;
		};
		E7CB1DF41B27CC7A004BDB16 /* Release */ = {
			isa = XCBuildConfiguration;
			buildSettings = {
				ALWAYS_SEARCH_USER_PATHS = NO;
				CLANG_CXX_LANGUAGE_STANDARD = "gnu++0x";
				CLANG_CXX_LIBRARY = "libc++";
				CLANG_ENABLE_MODULES = YES;
				CLANG_ENABLE_OBJC_ARC = YES;
				CLANG_WARN_BOOL_CONVERSION = YES;
				CLANG_WARN_CONSTANT_CONVERSION = YES;
				CLANG_WARN_DIRECT_OBJC_ISA_USAGE = YES_ERROR;
				CLANG_WARN_EMPTY_BODY = YES;
				CLANG_WARN_ENUM_CONVERSION = YES;
				CLANG_WARN_INT_CONVERSION = YES;
				CLANG_WARN_OBJC_ROOT_CLASS = YES_ERROR;
				CLANG_WARN_UNREACHABLE_CODE = YES;
				CLANG_WARN__DUPLICATE_METHOD_MATCH = YES;
				"CODE_SIGN_IDENTITY[sdk=iphoneos*]" = "iPhone Developer";
				COPY_PHASE_STRIP = NO;
				DEBUG_INFORMATION_FORMAT = "dwarf-with-dsym";
				ENABLE_NS_ASSERTIONS = NO;
				ENABLE_STRICT_OBJC_MSGSEND = YES;
				GCC_C_LANGUAGE_STANDARD = gnu99;
				GCC_NO_COMMON_BLOCKS = YES;
				GCC_WARN_64_TO_32_BIT_CONVERSION = YES;
				GCC_WARN_ABOUT_RETURN_TYPE = YES_ERROR;
				GCC_WARN_UNDECLARED_SELECTOR = YES;
				GCC_WARN_UNINITIALIZED_AUTOS = YES_AGGRESSIVE;
				GCC_WARN_UNUSED_FUNCTION = YES;
				GCC_WARN_UNUSED_VARIABLE = YES;
				IPHONEOS_DEPLOYMENT_TARGET = 8.3;
				MTL_ENABLE_DEBUG_INFO = NO;
				OTHER_LDFLAGS = "";
				SDKROOT = iphoneos;
				VALIDATE_PRODUCT = YES;
			};
			name = Release;
		};
		E7CB1DF61B27CC7A004BDB16 /* Debug */ = {
			isa = XCBuildConfiguration;
			buildSettings = {
				ALWAYS_SEARCH_USER_PATHS = YES;
				ASSETCATALOG_COMPILER_APPICON_NAME = AppIcon;
				HEADER_SEARCH_PATHS = (
					"$(inherited)",
					/Applications/Xcode.app/Contents/Developer/Toolchains/XcodeDefault.xctoolchain/usr/include,
					"\"$(SRCROOT)/StringLibrary/include\"",
				);
				INFOPLIST_FILE = training/Info.plist;
				IPHONEOS_DEPLOYMENT_TARGET = 8.3;
				LD_RUNPATH_SEARCH_PATHS = "$(inherited) @executable_path/Frameworks";
				LIBRARY_SEARCH_PATHS = (
					"$(inherited)",
					"$(PROJECT_DIR)/StringLibrary/Debug-iphonesimulator",
				);
				OTHER_LDFLAGS = (
					"-all_load",
					"-ObjC",
				);
				PRODUCT_NAME = "$(TARGET_NAME)";
			};
			name = Debug;
		};
		E7CB1DF71B27CC7A004BDB16 /* Release */ = {
			isa = XCBuildConfiguration;
			buildSettings = {
				ALWAYS_SEARCH_USER_PATHS = YES;
				ASSETCATALOG_COMPILER_APPICON_NAME = AppIcon;
				HEADER_SEARCH_PATHS = (
					"$(inherited)",
					/Applications/Xcode.app/Contents/Developer/Toolchains/XcodeDefault.xctoolchain/usr/include,
					"\"$(SRCROOT)/StringLibrary/include\"",
				);
				INFOPLIST_FILE = training/Info.plist;
				IPHONEOS_DEPLOYMENT_TARGET = 8.3;
				LD_RUNPATH_SEARCH_PATHS = "$(inherited) @executable_path/Frameworks";
				LIBRARY_SEARCH_PATHS = (
					"$(inherited)",
					"$(PROJECT_DIR)/StringLibrary/Debug-iphonesimulator",
				);
				OTHER_LDFLAGS = (
					"-all_load",
					"-ObjC",
				);
				PRODUCT_NAME = "$(TARGET_NAME)";
			};
			name = Release;
		};
		E7CB1DF91B27CC7A004BDB16 /* Debug */ = {
			isa = XCBuildConfiguration;
			buildSettings = {
				BUNDLE_LOADER = "$(TEST_HOST)";
				FRAMEWORK_SEARCH_PATHS = (
					"$(SDKROOT)/Developer/Library/Frameworks",
					"$(inherited)",
				);
				GCC_PREPROCESSOR_DEFINITIONS = (
					"DEBUG=1",
					"$(inherited)",
				);
				INFOPLIST_FILE = trainingTests/Info.plist;
				LD_RUNPATH_SEARCH_PATHS = "$(inherited) @executable_path/Frameworks @loader_path/Frameworks";
				PRODUCT_NAME = "$(TARGET_NAME)";
				TEST_HOST = "$(BUILT_PRODUCTS_DIR)/training.app/training";
			};
			name = Debug;
		};
		E7CB1DFA1B27CC7A004BDB16 /* Release */ = {
			isa = XCBuildConfiguration;
			buildSettings = {
				BUNDLE_LOADER = "$(TEST_HOST)";
				FRAMEWORK_SEARCH_PATHS = (
					"$(SDKROOT)/Developer/Library/Frameworks",
					"$(inherited)",
				);
				INFOPLIST_FILE = trainingTests/Info.plist;
				LD_RUNPATH_SEARCH_PATHS = "$(inherited) @executable_path/Frameworks @loader_path/Frameworks";
				PRODUCT_NAME = "$(TARGET_NAME)";
				TEST_HOST = "$(BUILT_PRODUCTS_DIR)/training.app/training";
			};
			name = Release;
		};
/* End XCBuildConfiguration section */

/* Begin XCConfigurationList section */
		E7CB1DCD1B27CC7A004BDB16 /* Build configuration list for PBXProject "training" */ = {
			isa = XCConfigurationList;
			buildConfigurations = (
				E7CB1DF31B27CC7A004BDB16 /* Debug */,
				E7CB1DF41B27CC7A004BDB16 /* Release */,
			);
			defaultConfigurationIsVisible = 0;
			defaultConfigurationName = Release;
		};
		E7CB1DF51B27CC7A004BDB16 /* Build configuration list for PBXNativeTarget "training" */ = {
			isa = XCConfigurationList;
			buildConfigurations = (
				E7CB1DF61B27CC7A004BDB16 /* Debug */,
				E7CB1DF71B27CC7A004BDB16 /* Release */,
			);
			defaultConfigurationIsVisible = 0;
			defaultConfigurationName = Release;
		};
		E7CB1DF81B27CC7A004BDB16 /* Build configuration list for PBXNativeTarget "trainingTests" */ = {
			isa = XCConfigurationList;
			buildConfigurations = (
				E7CB1DF91B27CC7A004BDB16 /* Debug */,
				E7CB1DFA1B27CC7A004BDB16 /* Release */,
			);
			defaultConfigurationIsVisible = 0;
			defaultConfigurationName = Release;
		};
/* End XCConfigurationList section */
	};
	rootObject = E7CB1DCA1B27CC7A004BDB16 /* Project object */;
}
